// !$*UTF8*$!
{
	archiveVersion = 1;
	classes = {
	};
	objectVersion = 56;
	objects = {

/* Begin PBXBuildFile section */
		1699A8772AFDC51B009259EB /* Apple_FrameworksApp.swift in Sources */ = {isa = PBXBuildFile; fileRef = 1699A8762AFDC51B009259EB /* Apple_FrameworksApp.swift */; };
		1699A8792AFDC51B009259EB /* FrameworkGridView.swift in Sources */ = {isa = PBXBuildFile; fileRef = 1699A8782AFDC51B009259EB /* FrameworkGridView.swift */; };
		1699A87B2AFDC51D009259EB /* Assets.xcassets in Resources */ = {isa = PBXBuildFile; fileRef = 1699A87A2AFDC51D009259EB /* Assets.xcassets */; };
		1699A87E2AFDC51D009259EB /* Preview Assets.xcassets in Resources */ = {isa = PBXBuildFile; fileRef = 1699A87D2AFDC51D009259EB /* Preview Assets.xcassets */; };
		1699A8882AFDC51D009259EB /* Apple_FrameworksTests.swift in Sources */ = {isa = PBXBuildFile; fileRef = 1699A8872AFDC51D009259EB /* Apple_FrameworksTests.swift */; };
		1699A8922AFDC51D009259EB /* Apple_FrameworksUITests.swift in Sources */ = {isa = PBXBuildFile; fileRef = 1699A8912AFDC51D009259EB /* Apple_FrameworksUITests.swift */; };
		1699A8942AFDC51D009259EB /* Apple_FrameworksUITestsLaunchTests.swift in Sources */ = {isa = PBXBuildFile; fileRef = 1699A8932AFDC51D009259EB /* Apple_FrameworksUITestsLaunchTests.swift */; };
		1699A8A22AFDC5C6009259EB /* FrameworkModel.swift in Sources */ = {isa = PBXBuildFile; fileRef = 1699A8A12AFDC5C6009259EB /* FrameworkModel.swift */; };
		1699A8A52AFDC7FE009259EB /* FrameworkCell.swift in Sources */ = {isa = PBXBuildFile; fileRef = 1699A8A42AFDC7FE009259EB /* FrameworkCell.swift */; };
		1699A8A82AFDD0FA009259EB /* FrameworkDetailsView.swift in Sources */ = {isa = PBXBuildFile; fileRef = 1699A8A72AFDD0FA009259EB /* FrameworkDetailsView.swift */; };
		1699A8AA2AFDD69C009259EB /* AFButton.swift in Sources */ = {isa = PBXBuildFile; fileRef = 1699A8A92AFDD69C009259EB /* AFButton.swift */; };
		1699A8AC2AFDD7D0009259EB /* DismissButton.swift in Sources */ = {isa = PBXBuildFile; fileRef = 1699A8AB2AFDD7D0009259EB /* DismissButton.swift */; };
		1699A8AE2AFDF14F009259EB /* FrameworkGridViewModel.swift in Sources */ = {isa = PBXBuildFile; fileRef = 1699A8AD2AFDF14F009259EB /* FrameworkGridViewModel.swift */; };
/* End PBXBuildFile section */

/* Begin PBXContainerItemProxy section */
		1699A8842AFDC51D009259EB /* PBXContainerItemProxy */ = {
			isa = PBXContainerItemProxy;
			containerPortal = 1699A86B2AFDC51B009259EB /* Project object */;
			proxyType = 1;
			remoteGlobalIDString = 1699A8722AFDC51B009259EB;
			remoteInfo = "Apple Frameworks";
		};
		1699A88E2AFDC51D009259EB /* PBXContainerItemProxy */ = {
			isa = PBXContainerItemProxy;
			containerPortal = 1699A86B2AFDC51B009259EB /* Project object */;
			proxyType = 1;
			remoteGlobalIDString = 1699A8722AFDC51B009259EB;
			remoteInfo = "Apple Frameworks";
		};
/* End PBXContainerItemProxy section */

/* Begin PBXFileReference section */
		1699A8732AFDC51B009259EB /* Apple Frameworks.app */ = {isa = PBXFileReference; explicitFileType = wrapper.application; includeInIndex = 0; path = "Apple Frameworks.app"; sourceTree = BUILT_PRODUCTS_DIR; };
		1699A8762AFDC51B009259EB /* Apple_FrameworksApp.swift */ = {isa = PBXFileReference; lastKnownFileType = sourcecode.swift; path = Apple_FrameworksApp.swift; sourceTree = "<group>"; };
		1699A8782AFDC51B009259EB /* FrameworkGridView.swift */ = {isa = PBXFileReference; lastKnownFileType = sourcecode.swift; path = FrameworkGridView.swift; sourceTree = "<group>"; };
		1699A87A2AFDC51D009259EB /* Assets.xcassets */ = {isa = PBXFileReference; lastKnownFileType = folder.assetcatalog; path = Assets.xcassets; sourceTree = "<group>"; };
		1699A87D2AFDC51D009259EB /* Preview Assets.xcassets */ = {isa = PBXFileReference; lastKnownFileType = folder.assetcatalog; path = "Preview Assets.xcassets"; sourceTree = "<group>"; };
		1699A8832AFDC51D009259EB /* Apple FrameworksTests.xctest */ = {isa = PBXFileReference; explicitFileType = wrapper.cfbundle; includeInIndex = 0; path = "Apple FrameworksTests.xctest"; sourceTree = BUILT_PRODUCTS_DIR; };
		1699A8872AFDC51D009259EB /* Apple_FrameworksTests.swift */ = {isa = PBXFileReference; lastKnownFileType = sourcecode.swift; path = Apple_FrameworksTests.swift; sourceTree = "<group>"; };
		1699A88D2AFDC51D009259EB /* Apple FrameworksUITests.xctest */ = {isa = PBXFileReference; explicitFileType = wrapper.cfbundle; includeInIndex = 0; path = "Apple FrameworksUITests.xctest"; sourceTree = BUILT_PRODUCTS_DIR; };
		1699A8912AFDC51D009259EB /* Apple_FrameworksUITests.swift */ = {isa = PBXFileReference; lastKnownFileType = sourcecode.swift; path = Apple_FrameworksUITests.swift; sourceTree = "<group>"; };
		1699A8932AFDC51D009259EB /* Apple_FrameworksUITestsLaunchTests.swift */ = {isa = PBXFileReference; lastKnownFileType = sourcecode.swift; path = Apple_FrameworksUITestsLaunchTests.swift; sourceTree = "<group>"; };
		1699A8A12AFDC5C6009259EB /* FrameworkModel.swift */ = {isa = PBXFileReference; lastKnownFileType = sourcecode.swift; path = FrameworkModel.swift; sourceTree = "<group>"; };
		1699A8A42AFDC7FE009259EB /* FrameworkCell.swift */ = {isa = PBXFileReference; lastKnownFileType = sourcecode.swift; path = FrameworkCell.swift; sourceTree = "<group>"; };
		1699A8A72AFDD0FA009259EB /* FrameworkDetailsView.swift */ = {isa = PBXFileReference; lastKnownFileType = sourcecode.swift; path = FrameworkDetailsView.swift; sourceTree = "<group>"; };
		1699A8A92AFDD69C009259EB /* AFButton.swift */ = {isa = PBXFileReference; lastKnownFileType = sourcecode.swift; path = AFButton.swift; sourceTree = "<group>"; };
		1699A8AB2AFDD7D0009259EB /* DismissButton.swift */ = {isa = PBXFileReference; lastKnownFileType = sourcecode.swift; path = DismissButton.swift; sourceTree = "<group>"; };
		1699A8AD2AFDF14F009259EB /* FrameworkGridViewModel.swift */ = {isa = PBXFileReference; lastKnownFileType = sourcecode.swift; path = FrameworkGridViewModel.swift; sourceTree = "<group>"; };
/* End PBXFileReference section */

/* Begin PBXFrameworksBuildPhase section */
		1699A8702AFDC51B009259EB /* Frameworks */ = {
			isa = PBXFrameworksBuildPhase;
			buildActionMask = 2147483647;
			files = (
			);
			runOnlyForDeploymentPostprocessing = 0;
		};
		1699A8802AFDC51D009259EB /* Frameworks */ = {
			isa = PBXFrameworksBuildPhase;
			buildActionMask = 2147483647;
			files = (
			);
			runOnlyForDeploymentPostprocessing = 0;
		};
		1699A88A2AFDC51D009259EB /* Frameworks */ = {
			isa = PBXFrameworksBuildPhase;
			buildActionMask = 2147483647;
			files = (
			);
			runOnlyForDeploymentPostprocessing = 0;
		};
/* End PBXFrameworksBuildPhase section */

/* Begin PBXGroup section */
		1699A86A2AFDC51B009259EB = {
			isa = PBXGroup;
			children = (
				1699A8752AFDC51B009259EB /* Apple Frameworks */,
				1699A8862AFDC51D009259EB /* Apple FrameworksTests */,
				1699A8902AFDC51D009259EB /* Apple FrameworksUITests */,
				1699A8742AFDC51B009259EB /* Products */,
			);
			sourceTree = "<group>";
		};
		1699A8742AFDC51B009259EB /* Products */ = {
			isa = PBXGroup;
			children = (
				1699A8732AFDC51B009259EB /* Apple Frameworks.app */,
				1699A8832AFDC51D009259EB /* Apple FrameworksTests.xctest */,
				1699A88D2AFDC51D009259EB /* Apple FrameworksUITests.xctest */,
			);
			name = Products;
			sourceTree = "<group>";
		};
		1699A8752AFDC51B009259EB /* Apple Frameworks */ = {
			isa = PBXGroup;
			children = (
				1699A8A62AFDD0E1009259EB /* Details View */,
				1699A8A02AFDC5B8009259EB /* Frameworks */,
				1699A8762AFDC51B009259EB /* Apple_FrameworksApp.swift */,
				1699A87A2AFDC51D009259EB /* Assets.xcassets */,
				1699A87C2AFDC51D009259EB /* Preview Content */,
			);
			path = "Apple Frameworks";
			sourceTree = "<group>";
		};
		1699A87C2AFDC51D009259EB /* Preview Content */ = {
			isa = PBXGroup;
			children = (
				1699A87D2AFDC51D009259EB /* Preview Assets.xcassets */,
			);
			path = "Preview Content";
			sourceTree = "<group>";
		};
		1699A8862AFDC51D009259EB /* Apple FrameworksTests */ = {
			isa = PBXGroup;
			children = (
				1699A8872AFDC51D009259EB /* Apple_FrameworksTests.swift */,
			);
			path = "Apple FrameworksTests";
			sourceTree = "<group>";
		};
		1699A8902AFDC51D009259EB /* Apple FrameworksUITests */ = {
			isa = PBXGroup;
			children = (
				1699A8912AFDC51D009259EB /* Apple_FrameworksUITests.swift */,
				1699A8932AFDC51D009259EB /* Apple_FrameworksUITestsLaunchTests.swift */,
			);
			path = "Apple FrameworksUITests";
			sourceTree = "<group>";
		};
		1699A8A02AFDC5B8009259EB /* Frameworks */ = {
			isa = PBXGroup;
			children = (
				1699A8A32AFDC7E3009259EB /* Views */,
				1699A8A12AFDC5C6009259EB /* FrameworkModel.swift */,
				1699A8782AFDC51B009259EB /* FrameworkGridView.swift */,
				1699A8AD2AFDF14F009259EB /* FrameworkGridViewModel.swift */,
			);
			path = Frameworks;
			sourceTree = "<group>";
		};
		1699A8A32AFDC7E3009259EB /* Views */ = {
			isa = PBXGroup;
			children = (
				1699A8A42AFDC7FE009259EB /* FrameworkCell.swift */,
			);
			path = Views;
			sourceTree = "<group>";
		};
		1699A8A62AFDD0E1009259EB /* Details View */ = {
			isa = PBXGroup;
			children = (
				1699A8A72AFDD0FA009259EB /* FrameworkDetailsView.swift */,
				1699A8A92AFDD69C009259EB /* AFButton.swift */,
				1699A8AB2AFDD7D0009259EB /* DismissButton.swift */,
			);
			path = "Details View";
			sourceTree = "<group>";
		};
/* End PBXGroup section */

/* Begin PBXNativeTarget section */
		1699A8722AFDC51B009259EB /* Apple Frameworks */ = {
			isa = PBXNativeTarget;
			buildConfigurationList = 1699A8972AFDC51D009259EB /* Build configuration list for PBXNativeTarget "Apple Frameworks" */;
			buildPhases = (
				1699A86F2AFDC51B009259EB /* Sources */,
				1699A8702AFDC51B009259EB /* Frameworks */,
				1699A8712AFDC51B009259EB /* Resources */,
			);
			buildRules = (
			);
			dependencies = (
			);
			name = "Apple Frameworks";
			productName = "Apple Frameworks";
			productReference = 1699A8732AFDC51B009259EB /* Apple Frameworks.app */;
			productType = "com.apple.product-type.application";
		};
		1699A8822AFDC51D009259EB /* Apple FrameworksTests */ = {
			isa = PBXNativeTarget;
			buildConfigurationList = 1699A89A2AFDC51D009259EB /* Build configuration list for PBXNativeTarget "Apple FrameworksTests" */;
			buildPhases = (
				1699A87F2AFDC51D009259EB /* Sources */,
				1699A8802AFDC51D009259EB /* Frameworks */,
				1699A8812AFDC51D009259EB /* Resources */,
			);
			buildRules = (
			);
			dependencies = (
				1699A8852AFDC51D009259EB /* PBXTargetDependency */,
			);
			name = "Apple FrameworksTests";
			productName = "Apple FrameworksTests";
			productReference = 1699A8832AFDC51D009259EB /* Apple FrameworksTests.xctest */;
			productType = "com.apple.product-type.bundle.unit-test";
		};
		1699A88C2AFDC51D009259EB /* Apple FrameworksUITests */ = {
			isa = PBXNativeTarget;
			buildConfigurationList = 1699A89D2AFDC51D009259EB /* Build configuration list for PBXNativeTarget "Apple FrameworksUITests" */;
			buildPhases = (
				1699A8892AFDC51D009259EB /* Sources */,
				1699A88A2AFDC51D009259EB /* Frameworks */,
				1699A88B2AFDC51D009259EB /* Resources */,
			);
			buildRules = (
			);
			dependencies = (
				1699A88F2AFDC51D009259EB /* PBXTargetDependency */,
			);
			name = "Apple FrameworksUITests";
			productName = "Apple FrameworksUITests";
			productReference = 1699A88D2AFDC51D009259EB /* Apple FrameworksUITests.xctest */;
			productType = "com.apple.product-type.bundle.ui-testing";
		};
/* End PBXNativeTarget section */

/* Begin PBXProject section */
		1699A86B2AFDC51B009259EB /* Project object */ = {
			isa = PBXProject;
			attributes = {
				BuildIndependentTargetsInParallel = 1;
				LastSwiftUpdateCheck = 1500;
				LastUpgradeCheck = 1500;
				TargetAttributes = {
					1699A8722AFDC51B009259EB = {
						CreatedOnToolsVersion = 15.0.1;
					};
					1699A8822AFDC51D009259EB = {
						CreatedOnToolsVersion = 15.0.1;
						TestTargetID = 1699A8722AFDC51B009259EB;
					};
					1699A88C2AFDC51D009259EB = {
						CreatedOnToolsVersion = 15.0.1;
						TestTargetID = 1699A8722AFDC51B009259EB;
					};
				};
			};
			buildConfigurationList = 1699A86E2AFDC51B009259EB /* Build configuration list for PBXProject "Apple Frameworks" */;
			compatibilityVersion = "Xcode 14.0";
			developmentRegion = en;
			hasScannedForEncodings = 0;
			knownRegions = (
				en,
				Base,
			);
			mainGroup = 1699A86A2AFDC51B009259EB;
			productRefGroup = 1699A8742AFDC51B009259EB /* Products */;
			projectDirPath = "";
			projectRoot = "";
			targets = (
				1699A8722AFDC51B009259EB /* Apple Frameworks */,
				1699A8822AFDC51D009259EB /* Apple FrameworksTests */,
				1699A88C2AFDC51D009259EB /* Apple FrameworksUITests */,
			);
		};
/* End PBXProject section */

/* Begin PBXResourcesBuildPhase section */
		1699A8712AFDC51B009259EB /* Resources */ = {
			isa = PBXResourcesBuildPhase;
			buildActionMask = 2147483647;
			files = (
				1699A87E2AFDC51D009259EB /* Preview Assets.xcassets in Resources */,
				1699A87B2AFDC51D009259EB /* Assets.xcassets in Resources */,
			);
			runOnlyForDeploymentPostprocessing = 0;
		};
		1699A8812AFDC51D009259EB /* Resources */ = {
			isa = PBXResourcesBuildPhase;
			buildActionMask = 2147483647;
			files = (
			);
			runOnlyForDeploymentPostprocessing = 0;
		};
		1699A88B2AFDC51D009259EB /* Resources */ = {
			isa = PBXResourcesBuildPhase;
			buildActionMask = 2147483647;
			files = (
			);
			runOnlyForDeploymentPostprocessing = 0;
		};
/* End PBXResourcesBuildPhase section */

/* Begin PBXSourcesBuildPhase section */
		1699A86F2AFDC51B009259EB /* Sources */ = {
			isa = PBXSourcesBuildPhase;
			buildActionMask = 2147483647;
			files = (
				1699A8AC2AFDD7D0009259EB /* DismissButton.swift in Sources */,
				1699A8A52AFDC7FE009259EB /* FrameworkCell.swift in Sources */,
				1699A8A82AFDD0FA009259EB /* FrameworkDetailsView.swift in Sources */,
				1699A8792AFDC51B009259EB /* FrameworkGridView.swift in Sources */,
				1699A8772AFDC51B009259EB /* Apple_FrameworksApp.swift in Sources */,
				1699A8AA2AFDD69C009259EB /* AFButton.swift in Sources */,
				1699A8A22AFDC5C6009259EB /* FrameworkModel.swift in Sources */,
				1699A8AE2AFDF14F009259EB /* FrameworkGridViewModel.swift in Sources */,
			);
			runOnlyForDeploymentPostprocessing = 0;
		};
		1699A87F2AFDC51D009259EB /* Sources */ = {
			isa = PBXSourcesBuildPhase;
			buildActionMask = 2147483647;
			files = (
				1699A8882AFDC51D009259EB /* Apple_FrameworksTests.swift in Sources */,
			);
			runOnlyForDeploymentPostprocessing = 0;
		};
		1699A8892AFDC51D009259EB /* Sources */ = {
			isa = PBXSourcesBuildPhase;
			buildActionMask = 2147483647;
			files = (
				1699A8942AFDC51D009259EB /* Apple_FrameworksUITestsLaunchTests.swift in Sources */,
				1699A8922AFDC51D009259EB /* Apple_FrameworksUITests.swift in Sources */,
			);
			runOnlyForDeploymentPostprocessing = 0;
		};
/* End PBXSourcesBuildPhase section */

/* Begin PBXTargetDependency section */
		1699A8852AFDC51D009259EB /* PBXTargetDependency */ = {
			isa = PBXTargetDependency;
			target = 1699A8722AFDC51B009259EB /* Apple Frameworks */;
			targetProxy = 1699A8842AFDC51D009259EB /* PBXContainerItemProxy */;
		};
		1699A88F2AFDC51D009259EB /* PBXTargetDependency */ = {
			isa = PBXTargetDependency;
			target = 1699A8722AFDC51B009259EB /* Apple Frameworks */;
			targetProxy = 1699A88E2AFDC51D009259EB /* PBXContainerItemProxy */;
		};
/* End PBXTargetDependency section */

/* Begin XCBuildConfiguration section */
		1699A8952AFDC51D009259EB /* Debug */ = {
			isa = XCBuildConfiguration;
			buildSettings = {
				ALWAYS_SEARCH_USER_PATHS = NO;
				ASSETCATALOG_COMPILER_GENERATE_SWIFT_ASSET_SYMBOL_EXTENSIONS = YES;
				CLANG_ANALYZER_NONNULL = YES;
				CLANG_ANALYZER_NUMBER_OBJECT_CONVERSION = YES_AGGRESSIVE;
				CLANG_CXX_LANGUAGE_STANDARD = "gnu++20";
				CLANG_ENABLE_MODULES = YES;
				CLANG_ENABLE_OBJC_ARC = YES;
				CLANG_ENABLE_OBJC_WEAK = YES;
				CLANG_WARN_BLOCK_CAPTURE_AUTORELEASING = YES;
				CLANG_WARN_BOOL_CONVERSION = YES;
				CLANG_WARN_COMMA = YES;
				CLANG_WARN_CONSTANT_CONVERSION = YES;
				CLANG_WARN_DEPRECATED_OBJC_IMPLEMENTATIONS = YES;
				CLANG_WARN_DIRECT_OBJC_ISA_USAGE = YES_ERROR;
				CLANG_WARN_DOCUMENTATION_COMMENTS = YES;
				CLANG_WARN_EMPTY_BODY = YES;
				CLANG_WARN_ENUM_CONVERSION = YES;
				CLANG_WARN_INFINITE_RECURSION = YES;
				CLANG_WARN_INT_CONVERSION = YES;
				CLANG_WARN_NON_LITERAL_NULL_CONVERSION = YES;
				CLANG_WARN_OBJC_IMPLICIT_RETAIN_SELF = YES;
				CLANG_WARN_OBJC_LITERAL_CONVERSION = YES;
				CLANG_WARN_OBJC_ROOT_CLASS = YES_ERROR;
				CLANG_WARN_QUOTED_INCLUDE_IN_FRAMEWORK_HEADER = YES;
				CLANG_WARN_RANGE_LOOP_ANALYSIS = YES;
				CLANG_WARN_STRICT_PROTOTYPES = YES;
				CLANG_WARN_SUSPICIOUS_MOVE = YES;
				CLANG_WARN_UNGUARDED_AVAILABILITY = YES_AGGRESSIVE;
				CLANG_WARN_UNREACHABLE_CODE = YES;
				CLANG_WARN__DUPLICATE_METHOD_MATCH = YES;
				COPY_PHASE_STRIP = NO;
				DEBUG_INFORMATION_FORMAT = dwarf;
				ENABLE_STRICT_OBJC_MSGSEND = YES;
				ENABLE_TESTABILITY = YES;
				ENABLE_USER_SCRIPT_SANDBOXING = YES;
				GCC_C_LANGUAGE_STANDARD = gnu17;
				GCC_DYNAMIC_NO_PIC = NO;
				GCC_NO_COMMON_BLOCKS = YES;
				GCC_OPTIMIZATION_LEVEL = 0;
				GCC_PREPROCESSOR_DEFINITIONS = (
					"DEBUG=1",
					"$(inherited)",
				);
				GCC_WARN_64_TO_32_BIT_CONVERSION = YES;
				GCC_WARN_ABOUT_RETURN_TYPE = YES_ERROR;
				GCC_WARN_UNDECLARED_SELECTOR = YES;
				GCC_WARN_UNINITIALIZED_AUTOS = YES_AGGRESSIVE;
				GCC_WARN_UNUSED_FUNCTION = YES;
				GCC_WARN_UNUSED_VARIABLE = YES;
				IPHONEOS_DEPLOYMENT_TARGET = 17.0;
				LOCALIZATION_PREFERS_STRING_CATALOGS = YES;
				MTL_ENABLE_DEBUG_INFO = INCLUDE_SOURCE;
				MTL_FAST_MATH = YES;
				ONLY_ACTIVE_ARCH = YES;
				SDKROOT = iphoneos;
				SWIFT_ACTIVE_COMPILATION_CONDITIONS = "DEBUG $(inherited)";
				SWIFT_OPTIMIZATION_LEVEL = "-Onone";
			};
			name = Debug;
		};
		1699A8962AFDC51D009259EB /* Release */ = {
			isa = XCBuildConfiguration;
			buildSettings = {
				ALWAYS_SEARCH_USER_PATHS = NO;
				ASSETCATALOG_COMPILER_GENERATE_SWIFT_ASSET_SYMBOL_EXTENSIONS = YES;
				CLANG_ANALYZER_NONNULL = YES;
				CLANG_ANALYZER_NUMBER_OBJECT_CONVERSION = YES_AGGRESSIVE;
				CLANG_CXX_LANGUAGE_STANDARD = "gnu++20";
				CLANG_ENABLE_MODULES = YES;
				CLANG_ENABLE_OBJC_ARC = YES;
				CLANG_ENABLE_OBJC_WEAK = YES;
				CLANG_WARN_BLOCK_CAPTURE_AUTORELEASING = YES;
				CLANG_WARN_BOOL_CONVERSION = YES;
				CLANG_WARN_COMMA = YES;
				CLANG_WARN_CONSTANT_CONVERSION = YES;
				CLANG_WARN_DEPRECATED_OBJC_IMPLEMENTATIONS = YES;
				CLANG_WARN_DIRECT_OBJC_ISA_USAGE = YES_ERROR;
				CLANG_WARN_DOCUMENTATION_COMMENTS = YES;
				CLANG_WARN_EMPTY_BODY = YES;
				CLANG_WARN_ENUM_CONVERSION = YES;
				CLANG_WARN_INFINITE_RECURSION = YES;
				CLANG_WARN_INT_CONVERSION = YES;
				CLANG_WARN_NON_LITERAL_NULL_CONVERSION = YES;
				CLANG_WARN_OBJC_IMPLICIT_RETAIN_SELF = YES;
				CLANG_WARN_OBJC_LITERAL_CONVERSION = YES;
				CLANG_WARN_OBJC_ROOT_CLASS = YES_ERROR;
				CLANG_WARN_QUOTED_INCLUDE_IN_FRAMEWORK_HEADER = YES;
				CLANG_WARN_RANGE_LOOP_ANALYSIS = YES;
				CLANG_WARN_STRICT_PROTOTYPES = YES;
				CLANG_WARN_SUSPICIOUS_MOVE = YES;
				CLANG_WARN_UNGUARDED_AVAILABILITY = YES_AGGRESSIVE;
				CLANG_WARN_UNREACHABLE_CODE = YES;
				CLANG_WARN__DUPLICATE_METHOD_MATCH = YES;
				COPY_PHASE_STRIP = NO;
				DEBUG_INFORMATION_FORMAT = "dwarf-with-dsym";
				ENABLE_NS_ASSERTIONS = NO;
				ENABLE_STRICT_OBJC_MSGSEND = YES;
				ENABLE_USER_SCRIPT_SANDBOXING = YES;
				GCC_C_LANGUAGE_STANDARD = gnu17;
				GCC_NO_COMMON_BLOCKS = YES;
				GCC_WARN_64_TO_32_BIT_CONVERSION = YES;
				GCC_WARN_ABOUT_RETURN_TYPE = YES_ERROR;
				GCC_WARN_UNDECLARED_SELECTOR = YES;
				GCC_WARN_UNINITIALIZED_AUTOS = YES_AGGRESSIVE;
				GCC_WARN_UNUSED_FUNCTION = YES;
				GCC_WARN_UNUSED_VARIABLE = YES;
				IPHONEOS_DEPLOYMENT_TARGET = 17.0;
				LOCALIZATION_PREFERS_STRING_CATALOGS = YES;
				MTL_ENABLE_DEBUG_INFO = NO;
				MTL_FAST_MATH = YES;
				SDKROOT = iphoneos;
				SWIFT_COMPILATION_MODE = wholemodule;
				VALIDATE_PRODUCT = YES;
			};
			name = Release;
		};
		1699A8982AFDC51D009259EB /* Debug */ = {
			isa = XCBuildConfiguration;
			buildSettings = {
				ASSETCATALOG_COMPILER_APPICON_NAME = AppIcon;
				ASSETCATALOG_COMPILER_GLOBAL_ACCENT_COLOR_NAME = AccentColor;
				CODE_SIGN_STYLE = Automatic;
				CURRENT_PROJECT_VERSION = 1;
				DEVELOPMENT_ASSET_PATHS = "\"Apple Frameworks/Preview Content\"";
				DEVELOPMENT_TEAM = 2C4XF58Z9A;
				ENABLE_PREVIEWS = YES;
				GENERATE_INFOPLIST_FILE = YES;
				INFOPLIST_KEY_UIApplicationSceneManifest_Generation = YES;
				INFOPLIST_KEY_UIApplicationSupportsIndirectInputEvents = YES;
				INFOPLIST_KEY_UILaunchScreen_Generation = YES;
				INFOPLIST_KEY_UISupportedInterfaceOrientations_iPad = "UIInterfaceOrientationPortrait UIInterfaceOrientationPortraitUpsideDown UIInterfaceOrientationLandscapeLeft UIInterfaceOrientationLandscapeRight";
				INFOPLIST_KEY_UISupportedInterfaceOrientations_iPhone = "UIInterfaceOrientationPortrait UIInterfaceOrientationLandscapeLeft UIInterfaceOrientationLandscapeRight";
				LD_RUNPATH_SEARCH_PATHS = (
					"$(inherited)",
					"@executable_path/Frameworks",
				);
				MARKETING_VERSION = 1.0;
				PRODUCT_BUNDLE_IDENTIFIER = "solar.sysyem.app.Apple-Frameworks";
				PRODUCT_NAME = "$(TARGET_NAME)";
				SWIFT_EMIT_LOC_STRINGS = YES;
				SWIFT_VERSION = 5.0;
				TARGETED_DEVICE_FAMILY = "1,2";
			};
			name = Debug;
		};
		1699A8992AFDC51D009259EB /* Release */ = {
			isa = XCBuildConfiguration;
			buildSettings = {
				ASSETCATALOG_COMPILER_APPICON_NAME = AppIcon;
				ASSETCATALOG_COMPILER_GLOBAL_ACCENT_COLOR_NAME = AccentColor;
				CODE_SIGN_STYLE = Automatic;
				CURRENT_PROJECT_VERSION = 1;
				DEVELOPMENT_ASSET_PATHS = "\"Apple Frameworks/Preview Content\"";
				DEVELOPMENT_TEAM = 2C4XF58Z9A;
				ENABLE_PREVIEWS = YES;
				GENERATE_INFOPLIST_FILE = YES;
				INFOPLIST_KEY_UIApplicationSceneManifest_Generation = YES;
				INFOPLIST_KEY_UIApplicationSupportsIndirectInputEvents = YES;
				INFOPLIST_KEY_UILaunchScreen_Generation = YES;
				INFOPLIST_KEY_UISupportedInterfaceOrientations_iPad = "UIInterfaceOrientationPortrait UIInterfaceOrientationPortraitUpsideDown UIInterfaceOrientationLandscapeLeft UIInterfaceOrientationLandscapeRight";
				INFOPLIST_KEY_UISupportedInterfaceOrientations_iPhone = "UIInterfaceOrientationPortrait UIInterfaceOrientationLandscapeLeft UIInterfaceOrientationLandscapeRight";
				LD_RUNPATH_SEARCH_PATHS = (
					"$(inherited)",
					"@executable_path/Frameworks",
				);
				MARKETING_VERSION = 1.0;
				PRODUCT_BUNDLE_IDENTIFIER = "solar.sysyem.app.Apple-Frameworks";
				PRODUCT_NAME = "$(TARGET_NAME)";
				SWIFT_EMIT_LOC_STRINGS = YES;
				SWIFT_VERSION = 5.0;
				TARGETED_DEVICE_FAMILY = "1,2";
			};
			name = Release;
		};
		1699A89B2AFDC51D009259EB /* Debug */ = {
			isa = XCBuildConfiguration;
			buildSettings = {
				ALWAYS_EMBED_SWIFT_STANDARD_LIBRARIES = YES;
				BUNDLE_LOADER = "$(TEST_HOST)";
				CODE_SIGN_STYLE = Automatic;
				CURRENT_PROJECT_VERSION = 1;
				DEVELOPMENT_TEAM = 2C4XF58Z9A;
				GENERATE_INFOPLIST_FILE = YES;
				IPHONEOS_DEPLOYMENT_TARGET = 17.0;
				MARKETING_VERSION = 1.0;
				PRODUCT_BUNDLE_IDENTIFIER = "solar.sysyem.app.Apple-FrameworksTests";
				PRODUCT_NAME = "$(TARGET_NAME)";
				SWIFT_EMIT_LOC_STRINGS = NO;
				SWIFT_VERSION = 5.0;
				TARGETED_DEVICE_FAMILY = "1,2";
				TEST_HOST = "$(BUILT_PRODUCTS_DIR)/Apple Frameworks.app/$(BUNDLE_EXECUTABLE_FOLDER_PATH)/Apple Frameworks";
			};
			name = Debug;
		};
		1699A89C2AFDC51D009259EB /* Release */ = {
			isa = XCBuildConfiguration;
			buildSettings = {
				ALWAYS_EMBED_SWIFT_STANDARD_LIBRARIES = YES;
				BUNDLE_LOADER = "$(TEST_HOST)";
				CODE_SIGN_STYLE = Automatic;
				CURRENT_PROJECT_VERSION = 1;
				DEVELOPMENT_TEAM = 2C4XF58Z9A;
				GENERATE_INFOPLIST_FILE = YES;
				IPHONEOS_DEPLOYMENT_TARGET = 17.0;
				MARKETING_VERSION = 1.0;
				PRODUCT_BUNDLE_IDENTIFIER = "solar.sysyem.app.Apple-FrameworksTests";
				PRODUCT_NAME = "$(TARGET_NAME)";
				SWIFT_EMIT_LOC_STRINGS = NO;
				SWIFT_VERSION = 5.0;
				TARGETED_DEVICE_FAMILY = "1,2";
				TEST_HOST = "$(BUILT_PRODUCTS_DIR)/Apple Frameworks.app/$(BUNDLE_EXECUTABLE_FOLDER_PATH)/Apple Frameworks";
			};
			name = Release;
		};
		1699A89E2AFDC51D009259EB /* Debug */ = {
			isa = XCBuildConfiguration;
			buildSettings = {
				ALWAYS_EMBED_SWIFT_STANDARD_LIBRARIES = YES;
				CODE_SIGN_STYLE = Automatic;
				CURRENT_PROJECT_VERSION = 1;
				DEVELOPMENT_TEAM = 2C4XF58Z9A;
				GENERATE_INFOPLIST_FILE = YES;
				MARKETING_VERSION = 1.0;
				PRODUCT_BUNDLE_IDENTIFIER = "solar.sysyem.app.Apple-FrameworksUITests";
				PRODUCT_NAME = "$(TARGET_NAME)";
				SWIFT_EMIT_LOC_STRINGS = NO;
				SWIFT_VERSION = 5.0;
				TARGETED_DEVICE_FAMILY = "1,2";
				TEST_TARGET_NAME = "Apple Frameworks";
			};
			name = Debug;
		};
		1699A89F2AFDC51D009259EB /* Release */ = {
			isa = XCBuildConfiguration;
			buildSettings = {
				ALWAYS_EMBED_SWIFT_STANDARD_LIBRARIES = YES;
				CODE_SIGN_STYLE = Automatic;
				CURRENT_PROJECT_VERSION = 1;
				DEVELOPMENT_TEAM = 2C4XF58Z9A;
				GENERATE_INFOPLIST_FILE = YES;
				MARKETING_VERSION = 1.0;
				PRODUCT_BUNDLE_IDENTIFIER = "solar.sysyem.app.Apple-FrameworksUITests";
				PRODUCT_NAME = "$(TARGET_NAME)";
				SWIFT_EMIT_LOC_STRINGS = NO;
				SWIFT_VERSION = 5.0;
				TARGETED_DEVICE_FAMILY = "1,2";
				TEST_TARGET_NAME = "Apple Frameworks";
			};
			name = Release;
		};
/* End XCBuildConfiguration section */

/* Begin XCConfigurationList section */
		1699A86E2AFDC51B009259EB /* Build configuration list for PBXProject "Apple Frameworks" */ = {
			isa = XCConfigurationList;
			buildConfigurations = (
				1699A8952AFDC51D009259EB /* Debug */,
				1699A8962AFDC51D009259EB /* Release */,
			);
			defaultConfigurationIsVisible = 0;
			defaultConfigurationName = Release;
		};
		1699A8972AFDC51D009259EB /* Build configuration list for PBXNativeTarget "Apple Frameworks" */ = {
			isa = XCConfigurationList;
			buildConfigurations = (
				1699A8982AFDC51D009259EB /* Debug */,
				1699A8992AFDC51D009259EB /* Release */,
			);
			defaultConfigurationIsVisible = 0;
			defaultConfigurationName = Release;
		};
		1699A89A2AFDC51D009259EB /* Build configuration list for PBXNativeTarget "Apple FrameworksTests" */ = {
			isa = XCConfigurationList;
			buildConfigurations = (
				1699A89B2AFDC51D009259EB /* Debug */,
				1699A89C2AFDC51D009259EB /* Release */,
			);
			defaultConfigurationIsVisible = 0;
			defaultConfigurationName = Release;
		};
		1699A89D2AFDC51D009259EB /* Build configuration list for PBXNativeTarget "Apple FrameworksUITests" */ = {
			isa = XCConfigurationList;
			buildConfigurations = (
				1699A89E2AFDC51D009259EB /* Debug */,
				1699A89F2AFDC51D009259EB /* Release */,
			);
			defaultConfigurationIsVisible = 0;
			defaultConfigurationName = Release;
		};
/* End XCConfigurationList section */
	};
	rootObject = 1699A86B2AFDC51B009259EB /* Project object */;
}
